
Microsoft Visual Studio Solution File, Format Version 12.00
# Visual Studio Version 16
VisualStudioVersion = 16.0.29411.108
MinimumVisualStudioVersion = 10.0.40219.1
Project("{8BC9CEB8-8B4A-11D0-8D11-00A0C91BC942}") = "naloga 2", "naloga 2\naloga 2.vcxproj", "{03F8D85F-7D36-41D0-9ABB-80F1156E0EBD}"
EndProject
Project("{8BC9CEB8-8B4A-11D0-8D11-00A0C91BC942}") = "naloga 1", "naloga 1\naloga 1.vcxproj", "{8CF8471D-47CF-4AE2-A5B6-B3728FCBDD1D}"
EndProject
Project("{8BC9CEB8-8B4A-11D0-8D11-00A0C91BC942}") = "naloga 3", "naloga 3\naloga 3.vcxproj", "{9189B27F-E8B1-432E-87FB-CC4FC3B72FE0}"
EndProject
Project("{8BC9CEB8-8B4A-11D0-8D11-00A0C91BC942}") = "naloga 4", "naloga 4\naloga 4.vcxproj", "{BFAAFE13-35ED-4794-AF69-9C9CA10A03CD}"
EndProject
Project("{8BC9CEB8-8B4A-11D0-8D11-00A0C91BC942}") = "naloga 5", "naloga 5\Naloga 5.vcxproj", "{0542C29B-33BC-405E-809C-C87B0C5D954B}"
EndProject
Project("{8BC9CEB8-8B4A-11D0-8D11-00A0C91BC942}") = "naloga 6", "naloga 6\naloga 6.vcxproj", "{DB8CDDC9-C66C-42E4-99C8-117DFFBF75F9}"
EndProject
Project("{8BC9CEB8-8B4A-11D0-8D11-00A0C91BC942}") = "cpp_retardiran_7", "cpp_retardiran_7\cpp_retardiran_7.vcxproj", "{F3E4FDE6-D53C-4483-AFEE-DA5386EBFB46}"
EndProject
Project("{8BC9CEB8-8B4A-11D0-8D11-00A0C91BC942}") = "naloga 8", "naloga 8\naloga 8.vcxproj", "{128C4E21-F417-4EC3-B472-BB81D3D18C2C}"
EndProject
Global
	GlobalSection(SolutionConfigurationPlatforms) = preSolution
		Debug|Any CPU = Debug|Any CPU
		Debug|x64 = Debug|x64
		Debug|x86 = Debug|x86
		Release|Any CPU = Release|Any CPU
		Release|x64 = Release|x64
		Release|x86 = Release|x86
	EndGlobalSection
	GlobalSection(ProjectConfigurationPlatforms) = postSolution
		{03F8D85F-7D36-41D0-9ABB-80F1156E0EBD}.Debug|Any CPU.ActiveCfg = Debug|x64
		{03F8D85F-7D36-41D0-9ABB-80F1156E0EBD}.Debug|x64.ActiveCfg = Debug|x64
		{03F8D85F-7D36-41D0-9ABB-80F1156E0EBD}.Debug|x64.Build.0 = Debug|x64
		{03F8D85F-7D36-41D0-9ABB-80F1156E0EBD}.Debug|x86.ActiveCfg = Debug|x64
		{03F8D85F-7D36-41D0-9ABB-80F1156E0EBD}.Release|Any CPU.ActiveCfg = Release|x64
		{03F8D85F-7D36-41D0-9ABB-80F1156E0EBD}.Release|x64.ActiveCfg = Release|x64
		{03F8D85F-7D36-41D0-9ABB-80F1156E0EBD}.Release|x64.Build.0 = Release|x64
		{03F8D85F-7D36-41D0-9ABB-80F1156E0EBD}.Release|x86.ActiveCfg = Release|x64
		{8CF8471D-47CF-4AE2-A5B6-B3728FCBDD1D}.Debug|Any CPU.ActiveCfg = Debug|Win32
		{8CF8471D-47CF-4AE2-A5B6-B3728FCBDD1D}.Debug|x64.ActiveCfg = Debug|x64
		{8CF8471D-47CF-4AE2-A5B6-B3728FCBDD1D}.Debug|x64.Build.0 = Debug|x64
		{8CF8471D-47CF-4AE2-A5B6-B3728FCBDD1D}.Debug|x86.ActiveCfg = Debug|Win32
		{8CF8471D-47CF-4AE2-A5B6-B3728FCBDD1D}.Debug|x86.Build.0 = Debug|Win32
		{8CF8471D-47CF-4AE2-A5B6-B3728FCBDD1D}.Release|Any CPU.ActiveCfg = Release|Win32
		{8CF8471D-47CF-4AE2-A5B6-B3728FCBDD1D}.Release|x64.ActiveCfg = Release|x64
		{8CF8471D-47CF-4AE2-A5B6-B3728FCBDD1D}.Release|x64.Build.0 = Release|x64
		{8CF8471D-47CF-4AE2-A5B6-B3728FCBDD1D}.Release|x86.ActiveCfg = Release|Win32
		{8CF8471D-47CF-4AE2-A5B6-B3728FCBDD1D}.Release|x86.Build.0 = Release|Win32
		{9189B27F-E8B1-432E-87FB-CC4FC3B72FE0}.Debug|Any CPU.ActiveCfg = Debug|Win32
		{9189B27F-E8B1-432E-87FB-CC4FC3B72FE0}.Debug|x64.ActiveCfg = Debug|x64
		{9189B27F-E8B1-432E-87FB-CC4FC3B72FE0}.Debug|x64.Build.0 = Debug|x64
		{9189B27F-E8B1-432E-87FB-CC4FC3B72FE0}.Debug|x86.ActiveCfg = Debug|Win32
		{9189B27F-E8B1-432E-87FB-CC4FC3B72FE0}.Debug|x86.Build.0 = Debug|Win32
		{9189B27F-E8B1-432E-87FB-CC4FC3B72FE0}.Release|Any CPU.ActiveCfg = Release|Win32
		{9189B27F-E8B1-432E-87FB-CC4FC3B72FE0}.Release|x64.ActiveCfg = Release|x64
		{9189B27F-E8B1-432E-87FB-CC4FC3B72FE0}.Release|x64.Build.0 = Release|x64
		{9189B27F-E8B1-432E-87FB-CC4FC3B72FE0}.Release|x86.ActiveCfg = Release|Win32
		{9189B27F-E8B1-432E-87FB-CC4FC3B72FE0}.Release|x86.Build.0 = Release|Win32
		{BFAAFE13-35ED-4794-AF69-9C9CA10A03CD}.Debug|Any CPU.ActiveCfg = Debug|Win32
		{BFAAFE13-35ED-4794-AF69-9C9CA10A03CD}.Debug|x64.ActiveCfg = Debug|x64
		{BFAAFE13-35ED-4794-AF69-9C9CA10A03CD}.Debug|x64.Build.0 = Debug|x64
		{BFAAFE13-35ED-4794-AF69-9C9CA10A03CD}.Debug|x86.ActiveCfg = Debug|Win32
		{BFAAFE13-35ED-4794-AF69-9C9CA10A03CD}.Debug|x86.Build.0 = Debug|Win32
		{BFAAFE13-35ED-4794-AF69-9C9CA10A03CD}.Release|Any CPU.ActiveCfg = Release|Win32
		{BFAAFE13-35ED-4794-AF69-9C9CA10A03CD}.Release|x64.ActiveCfg = Release|x64
		{BFAAFE13-35ED-4794-AF69-9C9CA10A03CD}.Release|x64.Build.0 = Release|x64
		{BFAAFE13-35ED-4794-AF69-9C9CA10A03CD}.Release|x86.ActiveCfg = Release|Win32
		{BFAAFE13-35ED-4794-AF69-9C9CA10A03CD}.Release|x86.Build.0 = Release|Win32
		{0542C29B-33BC-405E-809C-C87B0C5D954B}.Debug|Any CPU.ActiveCfg = Debug|Win32
		{0542C29B-33BC-405E-809C-C87B0C5D954B}.Debug|x64.ActiveCfg = Debug|x64
		{0542C29B-33BC-405E-809C-C87B0C5D954B}.Debug|x64.Build.0 = Debug|x64
		{0542C29B-33BC-405E-809C-C87B0C5D954B}.Debug|x86.ActiveCfg = Debug|Win32
		{0542C29B-33BC-405E-809C-C87B0C5D954B}.Debug|x86.Build.0 = Debug|Win32
		{0542C29B-33BC-405E-809C-C87B0C5D954B}.Release|Any CPU.ActiveCfg = Release|Win32
		{0542C29B-33BC-405E-809C-C87B0C5D954B}.Release|x64.ActiveCfg = Release|x64
		{0542C29B-33BC-405E-809C-C87B0C5D954B}.Release|x64.Build.0 = Release|x64
		{0542C29B-33BC-405E-809C-C87B0C5D954B}.Release|x86.ActiveCfg = Release|Win32
		{0542C29B-33BC-405E-809C-C87B0C5D954B}.Release|x86.Build.0 = Release|Win32
		{DB8CDDC9-C66C-42E4-99C8-117DFFBF75F9}.Debug|Any CPU.ActiveCfg = Debug|Win32
		{DB8CDDC9-C66C-42E4-99C8-117DFFBF75F9}.Debug|x64.ActiveCfg = Debug|x64
		{DB8CDDC9-C66C-42E4-99C8-117DFFBF75F9}.Debug|x64.Build.0 = Debug|x64
		{DB8CDDC9-C66C-42E4-99C8-117DFFBF75F9}.Debug|x86.ActiveCfg = Debug|Win32
		{DB8CDDC9-C66C-42E4-99C8-117DFFBF75F9}.Debug|x86.Build.0 = Debug|Win32
		{DB8CDDC9-C66C-42E4-99C8-117DFFBF75F9}.Release|Any CPU.ActiveCfg = Release|Win32
		{DB8CDDC9-C66C-42E4-99C8-117DFFBF75F9}.Release|x64.ActiveCfg = Release|x64
		{DB8CDDC9-C66C-42E4-99C8-117DFFBF75F9}.Release|x64.Build.0 = Release|x64
		{DB8CDDC9-C66C-42E4-99C8-117DFFBF75F9}.Release|x86.ActiveCfg = Release|Win32
		{DB8CDDC9-C66C-42E4-99C8-117DFFBF75F9}.Release|x86.Build.0 = Release|Win32
		{F3E4FDE6-D53C-4483-AFEE-DA5386EBFB46}.Debug|Any CPU.ActiveCfg = Debug|Win32
		{F3E4FDE6-D53C-4483-AFEE-DA5386EBFB46}.Debug|x64.ActiveCfg = Debug|x64
		{F3E4FDE6-D53C-4483-AFEE-DA5386EBFB46}.Debug|x64.Build.0 = Debug|x64
		{F3E4FDE6-D53C-4483-AFEE-DA5386EBFB46}.Debug|x86.ActiveCfg = Debug|Win32
		{F3E4FDE6-D53C-4483-AFEE-DA5386EBFB46}.Debug|x86.Build.0 = Debug|Win32
		{F3E4FDE6-D53C-4483-AFEE-DA5386EBFB46}.Release|Any CPU.ActiveCfg = Release|Win32
		{F3E4FDE6-D53C-4483-AFEE-DA5386EBFB46}.Release|x64.ActiveCfg = Release|x64
		{F3E4FDE6-D53C-4483-AFEE-DA5386EBFB46}.Release|x64.Build.0 = Release|x64
		{F3E4FDE6-D53C-4483-AFEE-DA5386EBFB46}.Release|x86.ActiveCfg = Release|Win32
		{F3E4FDE6-D53C-4483-AFEE-DA5386EBFB46}.Release|x86.Build.0 = Release|Win32
		{128C4E21-F417-4EC3-B472-BB81D3D18C2C}.Debug|Any CPU.ActiveCfg = Debug|Win32
		{128C4E21-F417-4EC3-B472-BB81D3D18C2C}.Debug|x64.ActiveCfg = Debug|x64
		{128C4E21-F417-4EC3-B472-BB81D3D18C2C}.Debug|x64.Build.0 = Debug|x64
		{128C4E21-F417-4EC3-B472-BB81D3D18C2C}.Debug|x86.ActiveCfg = Debug|Win32
		{128C4E21-F417-4EC3-B472-BB81D3D18C2C}.Debug|x86.Build.0 = Debug|Win32
		{128C4E21-F417-4EC3-B472-BB81D3D18C2C}.Release|Any CPU.ActiveCfg = Release|Win32
		{128C4E21-F417-4EC3-B472-BB81D3D18C2C}.Release|x64.ActiveCfg = Release|x64
		{128C4E21-F417-4EC3-B472-BB81D3D18C2C}.Release|x64.Build.0 = Release|x64
		{128C4E21-F417-4EC3-B472-BB81D3D18C2C}.Release|x86.ActiveCfg = Release|Win32
		{128C4E21-F417-4EC3-B472-BB81D3D18C2C}.Release|x86.Build.0 = Release|Win32
	EndGlobalSection
	GlobalSection(SolutionProperties) = preSolution
		HideSolutionNode = FALSE
	EndGlobalSection
	GlobalSection(ExtensibilityGlobals) = postSolution
		SolutionGuid = {B74ADDB8-C2D1-4CA2-8A62-4828AB1571E8}
	EndGlobalSection
EndGlobal
